
Microsoft Visual Studio Solution File, Format Version 12.00
# Visual Studio Version 16
VisualStudioVersion = 25.0.1706.2
MinimumVisualStudioVersion = 10.0.40219.1
Project("{FAE04EC0-301F-11D3-BF4B-00C04F79EFBC}") = "YngveHestem.Crosswords", "YngveHestem.Crosswords\YngveHestem.Crosswords.csproj", "{50E89F15-E429-4C0E-A648-CE43DD5CEDB2}"
EndProject
Project("{FAE04EC0-301F-11D3-BF4B-00C04F79EFBC}") = "YngveHestem.Crosswords.TestApp", "YngveHestem.Crosswords.TestApp\YngveHestem.Crosswords.TestApp.csproj", "{AFABC7ED-1E40-4D84-8343-26530A8E8F85}"
EndProject
Global
	GlobalSection(SolutionConfigurationPlatforms) = preSolution
		Debug|Any CPU = Debug|Any CPU
		Release|Any CPU = Release|Any CPU
	EndGlobalSection
	GlobalSection(ProjectConfigurationPlatforms) = postSolution
		{50E89F15-E429-4C0E-A648-CE43DD5CEDB2}.Debug|Any CPU.ActiveCfg = Debug|Any CPU
		{50E89F15-E429-4C0E-A648-CE43DD5CEDB2}.Debug|Any CPU.Build.0 = Debug|Any CPU
		{50E89F15-E429-4C0E-A648-CE43DD5CEDB2}.Release|Any CPU.ActiveCfg = Release|Any CPU
		{50E89F15-E429-4C0E-A648-CE43DD5CEDB2}.Release|Any CPU.Build.0 = Release|Any CPU
		{AFABC7ED-1E40-4D84-8343-26530A8E8F85}.Debug|Any CPU.ActiveCfg = Debug|Any CPU
		{AFABC7ED-1E40-4D84-8343-26530A8E8F85}.Debug|Any CPU.Build.0 = Debug|Any CPU
		{AFABC7ED-1E40-4D84-8343-26530A8E8F85}.Release|Any CPU.ActiveCfg = Release|Any CPU
		{AFABC7ED-1E40-4D84-8343-26530A8E8F85}.Release|Any CPU.Build.0 = Release|Any CPU
	EndGlobalSection
	GlobalSection(SolutionProperties) = preSolution
		HideSolutionNode = FALSE
	EndGlobalSection
	GlobalSection(ExtensibilityGlobals) = postSolution
		SolutionGuid = {8E546194-15B8-460E-BF05-08192F12ABB7}
	EndGlobalSection
EndGlobal
